// !$*UTF8*$!
{
	archiveVersion = 1;
	classes = {
	};
	objectVersion = 50;
	objects = {

/* Begin PBXBuildFile section */
		0F39B0EF24953D5D00732848 /* AppDelegate.swift in Sources */ = {isa = PBXBuildFile; fileRef = 0F39B0EE24953D5D00732848 /* AppDelegate.swift */; };
		0F39B0F124953D5D00732848 /* SceneDelegate.swift in Sources */ = {isa = PBXBuildFile; fileRef = 0F39B0F024953D5D00732848 /* SceneDelegate.swift */; };
		0F39B0F324953D5D00732848 /* RootViewController.swift in Sources */ = {isa = PBXBuildFile; fileRef = 0F39B0F224953D5D00732848 /* RootViewController.swift */; };
		0F39B0F624953D5D00732848 /* Main.storyboard in Resources */ = {isa = PBXBuildFile; fileRef = 0F39B0F424953D5D00732848 /* Main.storyboard */; };
		0F39B0F824953D5E00732848 /* Assets.xcassets in Resources */ = {isa = PBXBuildFile; fileRef = 0F39B0F724953D5E00732848 /* Assets.xcassets */; };
		0F39B0FB24953D5E00732848 /* LaunchScreen.storyboard in Resources */ = {isa = PBXBuildFile; fileRef = 0F39B0F924953D5E00732848 /* LaunchScreen.storyboard */; };
		0F39B10624953D5E00732848 /* MVVM_RxSwiftTests.swift in Sources */ = {isa = PBXBuildFile; fileRef = 0F39B10524953D5E00732848 /* MVVM_RxSwiftTests.swift */; };
		0F39B11124953D5E00732848 /* MVVM_RxSwiftUITests.swift in Sources */ = {isa = PBXBuildFile; fileRef = 0F39B11024953D5E00732848 /* MVVM_RxSwiftUITests.swift */; };
		0F39B11F24953E1500732848 /* AppCoordinator.swift in Sources */ = {isa = PBXBuildFile; fileRef = 0F39B11E24953E1500732848 /* AppCoordinator.swift */; };
		233DFDAFEA7EEC3CE926FD6C /* Pods_MVVM_RxSwiftTests.framework in Frameworks */ = {isa = PBXBuildFile; fileRef = 3CE38DF5FBC81A407FFDE038 /* Pods_MVVM_RxSwiftTests.framework */; };
		B5C8E8B50774AE1EFD3BC5A0 /* Pods_MVVM_RxSwift_MVVM_RxSwiftUITests.framework in Frameworks */ = {isa = PBXBuildFile; fileRef = 4CF34DA3052B39DAAC6F7D29 /* Pods_MVVM_RxSwift_MVVM_RxSwiftUITests.framework */; };
		C6391FF6D80FC4BDF7259BD6 /* Pods_MVVM_RxSwift.framework in Frameworks */ = {isa = PBXBuildFile; fileRef = 42441919E18EB2C2F2FA103E /* Pods_MVVM_RxSwift.framework */; };
/* End PBXBuildFile section */

/* Begin PBXContainerItemProxy section */
		0F39B10224953D5E00732848 /* PBXContainerItemProxy */ = {
			isa = PBXContainerItemProxy;
			containerPortal = 0F39B0E324953D5D00732848 /* Project object */;
			proxyType = 1;
			remoteGlobalIDString = 0F39B0EA24953D5D00732848;
			remoteInfo = MVVM_RxSwift;
		};
		0F39B10D24953D5E00732848 /* PBXContainerItemProxy */ = {
			isa = PBXContainerItemProxy;
			containerPortal = 0F39B0E324953D5D00732848 /* Project object */;
			proxyType = 1;
			remoteGlobalIDString = 0F39B0EA24953D5D00732848;
			remoteInfo = MVVM_RxSwift;
		};
/* End PBXContainerItemProxy section */

/* Begin PBXFileReference section */
		0F39B0EB24953D5D00732848 /* MVVM_RxSwift.app */ = {isa = PBXFileReference; explicitFileType = wrapper.application; includeInIndex = 0; path = MVVM_RxSwift.app; sourceTree = BUILT_PRODUCTS_DIR; };
		0F39B0EE24953D5D00732848 /* AppDelegate.swift */ = {isa = PBXFileReference; lastKnownFileType = sourcecode.swift; path = AppDelegate.swift; sourceTree = "<group>"; };
		0F39B0F024953D5D00732848 /* SceneDelegate.swift */ = {isa = PBXFileReference; lastKnownFileType = sourcecode.swift; path = SceneDelegate.swift; sourceTree = "<group>"; };
		0F39B0F224953D5D00732848 /* RootViewController.swift */ = {isa = PBXFileReference; lastKnownFileType = sourcecode.swift; path = RootViewController.swift; sourceTree = "<group>"; };
		0F39B0F524953D5D00732848 /* Base */ = {isa = PBXFileReference; lastKnownFileType = file.storyboard; name = Base; path = Base.lproj/Main.storyboard; sourceTree = "<group>"; };
		0F39B0F724953D5E00732848 /* Assets.xcassets */ = {isa = PBXFileReference; lastKnownFileType = folder.assetcatalog; path = Assets.xcassets; sourceTree = "<group>"; };
		0F39B0FA24953D5E00732848 /* Base */ = {isa = PBXFileReference; lastKnownFileType = file.storyboard; name = Base; path = Base.lproj/LaunchScreen.storyboard; sourceTree = "<group>"; };
		0F39B0FC24953D5E00732848 /* Info.plist */ = {isa = PBXFileReference; lastKnownFileType = text.plist.xml; path = Info.plist; sourceTree = "<group>"; };
		0F39B10124953D5E00732848 /* MVVM_RxSwiftTests.xctest */ = {isa = PBXFileReference; explicitFileType = wrapper.cfbundle; includeInIndex = 0; path = MVVM_RxSwiftTests.xctest; sourceTree = BUILT_PRODUCTS_DIR; };
		0F39B10524953D5E00732848 /* MVVM_RxSwiftTests.swift */ = {isa = PBXFileReference; lastKnownFileType = sourcecode.swift; path = MVVM_RxSwiftTests.swift; sourceTree = "<group>"; };
		0F39B10724953D5E00732848 /* Info.plist */ = {isa = PBXFileReference; lastKnownFileType = text.plist.xml; path = Info.plist; sourceTree = "<group>"; };
		0F39B10C24953D5E00732848 /* MVVM_RxSwiftUITests.xctest */ = {isa = PBXFileReference; explicitFileType = wrapper.cfbundle; includeInIndex = 0; path = MVVM_RxSwiftUITests.xctest; sourceTree = BUILT_PRODUCTS_DIR; };
		0F39B11024953D5E00732848 /* MVVM_RxSwiftUITests.swift */ = {isa = PBXFileReference; lastKnownFileType = sourcecode.swift; path = MVVM_RxSwiftUITests.swift; sourceTree = "<group>"; };
		0F39B11224953D5E00732848 /* Info.plist */ = {isa = PBXFileReference; lastKnownFileType = text.plist.xml; path = Info.plist; sourceTree = "<group>"; };
		0F39B11E24953E1500732848 /* AppCoordinator.swift */ = {isa = PBXFileReference; lastKnownFileType = sourcecode.swift; path = AppCoordinator.swift; sourceTree = "<group>"; };
		26C40EBD3071A81622E323D5 /* Pods-MVVM_RxSwiftTests.release.xcconfig */ = {isa = PBXFileReference; includeInIndex = 1; lastKnownFileType = text.xcconfig; name = "Pods-MVVM_RxSwiftTests.release.xcconfig"; path = "Target Support Files/Pods-MVVM_RxSwiftTests/Pods-MVVM_RxSwiftTests.release.xcconfig"; sourceTree = "<group>"; };
		3CE38DF5FBC81A407FFDE038 /* Pods_MVVM_RxSwiftTests.framework */ = {isa = PBXFileReference; explicitFileType = wrapper.framework; includeInIndex = 0; path = Pods_MVVM_RxSwiftTests.framework; sourceTree = BUILT_PRODUCTS_DIR; };
		42441919E18EB2C2F2FA103E /* Pods_MVVM_RxSwift.framework */ = {isa = PBXFileReference; explicitFileType = wrapper.framework; includeInIndex = 0; path = Pods_MVVM_RxSwift.framework; sourceTree = BUILT_PRODUCTS_DIR; };
		4CF34DA3052B39DAAC6F7D29 /* Pods_MVVM_RxSwift_MVVM_RxSwiftUITests.framework */ = {isa = PBXFileReference; explicitFileType = wrapper.framework; includeInIndex = 0; path = Pods_MVVM_RxSwift_MVVM_RxSwiftUITests.framework; sourceTree = BUILT_PRODUCTS_DIR; };
		53D35B9B451F5E82BA663D76 /* Pods-MVVM_RxSwift-MVVM_RxSwiftUITests.release.xcconfig */ = {isa = PBXFileReference; includeInIndex = 1; lastKnownFileType = text.xcconfig; name = "Pods-MVVM_RxSwift-MVVM_RxSwiftUITests.release.xcconfig"; path = "Target Support Files/Pods-MVVM_RxSwift-MVVM_RxSwiftUITests/Pods-MVVM_RxSwift-MVVM_RxSwiftUITests.release.xcconfig"; sourceTree = "<group>"; };
		555C73E3BE8380C1899E83B7 /* Pods-MVVM_RxSwift.release.xcconfig */ = {isa = PBXFileReference; includeInIndex = 1; lastKnownFileType = text.xcconfig; name = "Pods-MVVM_RxSwift.release.xcconfig"; path = "Target Support Files/Pods-MVVM_RxSwift/Pods-MVVM_RxSwift.release.xcconfig"; sourceTree = "<group>"; };
		6B1D2147B3BBA8F53652CBA4 /* Pods-MVVM_RxSwift-MVVM_RxSwiftUITests.debug.xcconfig */ = {isa = PBXFileReference; includeInIndex = 1; lastKnownFileType = text.xcconfig; name = "Pods-MVVM_RxSwift-MVVM_RxSwiftUITests.debug.xcconfig"; path = "Target Support Files/Pods-MVVM_RxSwift-MVVM_RxSwiftUITests/Pods-MVVM_RxSwift-MVVM_RxSwiftUITests.debug.xcconfig"; sourceTree = "<group>"; };
		AF511F1A40AD89D9FD1880A2 /* Pods-MVVM_RxSwift.debug.xcconfig */ = {isa = PBXFileReference; includeInIndex = 1; lastKnownFileType = text.xcconfig; name = "Pods-MVVM_RxSwift.debug.xcconfig"; path = "Target Support Files/Pods-MVVM_RxSwift/Pods-MVVM_RxSwift.debug.xcconfig"; sourceTree = "<group>"; };
		B39F83784CE2D6452F679354 /* Pods-MVVM_RxSwiftTests.debug.xcconfig */ = {isa = PBXFileReference; includeInIndex = 1; lastKnownFileType = text.xcconfig; name = "Pods-MVVM_RxSwiftTests.debug.xcconfig"; path = "Target Support Files/Pods-MVVM_RxSwiftTests/Pods-MVVM_RxSwiftTests.debug.xcconfig"; sourceTree = "<group>"; };
/* End PBXFileReference section */

/* Begin PBXFrameworksBuildPhase section */
		0F39B0E824953D5D00732848 /* Frameworks */ = {
			isa = PBXFrameworksBuildPhase;
			buildActionMask = 2147483647;
			files = (
				C6391FF6D80FC4BDF7259BD6 /* Pods_MVVM_RxSwift.framework in Frameworks */,
			);
			runOnlyForDeploymentPostprocessing = 0;
		};
		0F39B0FE24953D5E00732848 /* Frameworks */ = {
			isa = PBXFrameworksBuildPhase;
			buildActionMask = 2147483647;
			files = (
				233DFDAFEA7EEC3CE926FD6C /* Pods_MVVM_RxSwiftTests.framework in Frameworks */,
			);
			runOnlyForDeploymentPostprocessing = 0;
		};
		0F39B10924953D5E00732848 /* Frameworks */ = {
			isa = PBXFrameworksBuildPhase;
			buildActionMask = 2147483647;
			files = (
				B5C8E8B50774AE1EFD3BC5A0 /* Pods_MVVM_RxSwift_MVVM_RxSwiftUITests.framework in Frameworks */,
			);
			runOnlyForDeploymentPostprocessing = 0;
		};
/* End PBXFrameworksBuildPhase section */

/* Begin PBXGroup section */
		0F39B0E224953D5D00732848 = {
			isa = PBXGroup;
			children = (
				0F39B0ED24953D5D00732848 /* MVVM_RxSwift */,
				0F39B10424953D5E00732848 /* MVVM_RxSwiftTests */,
				0F39B10F24953D5E00732848 /* MVVM_RxSwiftUITests */,
				0F39B0EC24953D5D00732848 /* Products */,
				F85E5FA7B124C34208C9556E /* Pods */,
				51267F1EACCB3EFE1A25D5F2 /* Frameworks */,
			);
			sourceTree = "<group>";
		};
		0F39B0EC24953D5D00732848 /* Products */ = {
			isa = PBXGroup;
			children = (
				0F39B0EB24953D5D00732848 /* MVVM_RxSwift.app */,
				0F39B10124953D5E00732848 /* MVVM_RxSwiftTests.xctest */,
				0F39B10C24953D5E00732848 /* MVVM_RxSwiftUITests.xctest */,
			);
			name = Products;
			sourceTree = "<group>";
		};
		0F39B0ED24953D5D00732848 /* MVVM_RxSwift */ = {
			isa = PBXGroup;
			children = (
				0F39B0EE24953D5D00732848 /* AppDelegate.swift */,
				0F39B0F024953D5D00732848 /* SceneDelegate.swift */,
				0F39B0F224953D5D00732848 /* RootViewController.swift */,
				0F39B11E24953E1500732848 /* AppCoordinator.swift */,
				0F39B0F424953D5D00732848 /* Main.storyboard */,
				0F39B0F724953D5E00732848 /* Assets.xcassets */,
				0F39B0F924953D5E00732848 /* LaunchScreen.storyboard */,
				0F39B0FC24953D5E00732848 /* Info.plist */,
			);
			path = MVVM_RxSwift;
			sourceTree = "<group>";
		};
		0F39B10424953D5E00732848 /* MVVM_RxSwiftTests */ = {
			isa = PBXGroup;
			children = (
				0F39B10524953D5E00732848 /* MVVM_RxSwiftTests.swift */,
				0F39B10724953D5E00732848 /* Info.plist */,
			);
			path = MVVM_RxSwiftTests;
			sourceTree = "<group>";
		};
		0F39B10F24953D5E00732848 /* MVVM_RxSwiftUITests */ = {
			isa = PBXGroup;
			children = (
				0F39B11024953D5E00732848 /* MVVM_RxSwiftUITests.swift */,
				0F39B11224953D5E00732848 /* Info.plist */,
			);
			path = MVVM_RxSwiftUITests;
			sourceTree = "<group>";
		};
		51267F1EACCB3EFE1A25D5F2 /* Frameworks */ = {
			isa = PBXGroup;
			children = (
				42441919E18EB2C2F2FA103E /* Pods_MVVM_RxSwift.framework */,
				4CF34DA3052B39DAAC6F7D29 /* Pods_MVVM_RxSwift_MVVM_RxSwiftUITests.framework */,
				3CE38DF5FBC81A407FFDE038 /* Pods_MVVM_RxSwiftTests.framework */,
			);
			name = Frameworks;
			sourceTree = "<group>";
		};
		F85E5FA7B124C34208C9556E /* Pods */ = {
			isa = PBXGroup;
			children = (
				AF511F1A40AD89D9FD1880A2 /* Pods-MVVM_RxSwift.debug.xcconfig */,
				555C73E3BE8380C1899E83B7 /* Pods-MVVM_RxSwift.release.xcconfig */,
				6B1D2147B3BBA8F53652CBA4 /* Pods-MVVM_RxSwift-MVVM_RxSwiftUITests.debug.xcconfig */,
				53D35B9B451F5E82BA663D76 /* Pods-MVVM_RxSwift-MVVM_RxSwiftUITests.release.xcconfig */,
				B39F83784CE2D6452F679354 /* Pods-MVVM_RxSwiftTests.debug.xcconfig */,
				26C40EBD3071A81622E323D5 /* Pods-MVVM_RxSwiftTests.release.xcconfig */,
			);
			name = Pods;
			path = Pods;
			sourceTree = "<group>";
		};
/* End PBXGroup section */

/* Begin PBXNativeTarget section */
		0F39B0EA24953D5D00732848 /* MVVM_RxSwift */ = {
			isa = PBXNativeTarget;
			buildConfigurationList = 0F39B11524953D5E00732848 /* Build configuration list for PBXNativeTarget "MVVM_RxSwift" */;
			buildPhases = (
				A1951F25C0A5FEE2E4A2B127 /* [CP] Check Pods Manifest.lock */,
				0F39B0E724953D5D00732848 /* Sources */,
				0F39B0E824953D5D00732848 /* Frameworks */,
				0F39B0E924953D5D00732848 /* Resources */,
			);
			buildRules = (
			);
			dependencies = (
			);
			name = MVVM_RxSwift;
			productName = MVVM_RxSwift;
			productReference = 0F39B0EB24953D5D00732848 /* MVVM_RxSwift.app */;
			productType = "com.apple.product-type.application";
		};
		0F39B10024953D5E00732848 /* MVVM_RxSwiftTests */ = {
			isa = PBXNativeTarget;
			buildConfigurationList = 0F39B11824953D5E00732848 /* Build configuration list for PBXNativeTarget "MVVM_RxSwiftTests" */;
			buildPhases = (
				879A2A02DB2F999BF28AAC36 /* [CP] Check Pods Manifest.lock */,
				0F39B0FD24953D5E00732848 /* Sources */,
				0F39B0FE24953D5E00732848 /* Frameworks */,
				0F39B0FF24953D5E00732848 /* Resources */,
				64E0238026AECED3F3F903A0 /* [CP] Embed Pods Frameworks */,
			);
			buildRules = (
			);
			dependencies = (
				0F39B10324953D5E00732848 /* PBXTargetDependency */,
			);
			name = MVVM_RxSwiftTests;
			productName = MVVM_RxSwiftTests;
			productReference = 0F39B10124953D5E00732848 /* MVVM_RxSwiftTests.xctest */;
			productType = "com.apple.product-type.bundle.unit-test";
		};
		0F39B10B24953D5E00732848 /* MVVM_RxSwiftUITests */ = {
			isa = PBXNativeTarget;
			buildConfigurationList = 0F39B11B24953D5E00732848 /* Build configuration list for PBXNativeTarget "MVVM_RxSwiftUITests" */;
			buildPhases = (
				75BC927FA598C37D040E7D1F /* [CP] Check Pods Manifest.lock */,
				0F39B10824953D5E00732848 /* Sources */,
				0F39B10924953D5E00732848 /* Frameworks */,
				0F39B10A24953D5E00732848 /* Resources */,
			);
			buildRules = (
			);
			dependencies = (
				0F39B10E24953D5E00732848 /* PBXTargetDependency */,
			);
			name = MVVM_RxSwiftUITests;
			productName = MVVM_RxSwiftUITests;
			productReference = 0F39B10C24953D5E00732848 /* MVVM_RxSwiftUITests.xctest */;
			productType = "com.apple.product-type.bundle.ui-testing";
		};
/* End PBXNativeTarget section */

/* Begin PBXProject section */
		0F39B0E324953D5D00732848 /* Project object */ = {
			isa = PBXProject;
			attributes = {
				LastSwiftUpdateCheck = 1150;
				LastUpgradeCheck = 1150;
				ORGANIZATIONNAME = Hannah.Haratian;
				TargetAttributes = {
					0F39B0EA24953D5D00732848 = {
						CreatedOnToolsVersion = 11.5;
					};
					0F39B10024953D5E00732848 = {
						CreatedOnToolsVersion = 11.5;
						TestTargetID = 0F39B0EA24953D5D00732848;
					};
					0F39B10B24953D5E00732848 = {
						CreatedOnToolsVersion = 11.5;
						TestTargetID = 0F39B0EA24953D5D00732848;
					};
				};
			};
			buildConfigurationList = 0F39B0E624953D5D00732848 /* Build configuration list for PBXProject "MVVM_RxSwift" */;
			compatibilityVersion = "Xcode 9.3";
			developmentRegion = en;
			hasScannedForEncodings = 0;
			knownRegions = (
				en,
				Base,
			);
			mainGroup = 0F39B0E224953D5D00732848;
			productRefGroup = 0F39B0EC24953D5D00732848 /* Products */;
			projectDirPath = "";
			projectRoot = "";
			targets = (
				0F39B0EA24953D5D00732848 /* MVVM_RxSwift */,
				0F39B10024953D5E00732848 /* MVVM_RxSwiftTests */,
				0F39B10B24953D5E00732848 /* MVVM_RxSwiftUITests */,
			);
		};
/* End PBXProject section */

/* Begin PBXResourcesBuildPhase section */
		0F39B0E924953D5D00732848 /* Resources */ = {
			isa = PBXResourcesBuildPhase;
			buildActionMask = 2147483647;
			files = (
				0F39B0FB24953D5E00732848 /* LaunchScreen.storyboard in Resources */,
				0F39B0F824953D5E00732848 /* Assets.xcassets in Resources */,
				0F39B0F624953D5D00732848 /* Main.storyboard in Resources */,
			);
			runOnlyForDeploymentPostprocessing = 0;
		};
		0F39B0FF24953D5E00732848 /* Resources */ = {
			isa = PBXResourcesBuildPhase;
			buildActionMask = 2147483647;
			files = (
			);
			runOnlyForDeploymentPostprocessing = 0;
		};
		0F39B10A24953D5E00732848 /* Resources */ = {
			isa = PBXResourcesBuildPhase;
			buildActionMask = 2147483647;
			files = (
			);
			runOnlyForDeploymentPostprocessing = 0;
		};
/* End PBXResourcesBuildPhase section */

/* Begin PBXShellScriptBuildPhase section */
		64E0238026AECED3F3F903A0 /* [CP] Embed Pods Frameworks */ = {
			isa = PBXShellScriptBuildPhase;
			buildActionMask = 2147483647;
			files = (
			);
			inputFileListPaths = (
				"${PODS_ROOT}/Target Support Files/Pods-MVVM_RxSwiftTests/Pods-MVVM_RxSwiftTests-frameworks-${CONFIGURATION}-input-files.xcfilelist",
			);
			name = "[CP] Embed Pods Frameworks";
			outputFileListPaths = (
				"${PODS_ROOT}/Target Support Files/Pods-MVVM_RxSwiftTests/Pods-MVVM_RxSwiftTests-frameworks-${CONFIGURATION}-output-files.xcfilelist",
			);
			runOnlyForDeploymentPostprocessing = 0;
			shellPath = /bin/sh;
			shellScript = "\"${PODS_ROOT}/Target Support Files/Pods-MVVM_RxSwiftTests/Pods-MVVM_RxSwiftTests-frameworks.sh\"\n";
			showEnvVarsInLog = 0;
		};
		75BC927FA598C37D040E7D1F /* [CP] Check Pods Manifest.lock */ = {
			isa = PBXShellScriptBuildPhase;
			buildActionMask = 2147483647;
			files = (
			);
			inputFileListPaths = (
			);
			inputPaths = (
				"${PODS_PODFILE_DIR_PATH}/Podfile.lock",
				"${PODS_ROOT}/Manifest.lock",
			);
			name = "[CP] Check Pods Manifest.lock";
			outputFileListPaths = (
			);
			outputPaths = (
				"$(DERIVED_FILE_DIR)/Pods-MVVM_RxSwift-MVVM_RxSwiftUITests-checkManifestLockResult.txt",
			);
			runOnlyForDeploymentPostprocessing = 0;
			shellPath = /bin/sh;
			shellScript = "diff \"${PODS_PODFILE_DIR_PATH}/Podfile.lock\" \"${PODS_ROOT}/Manifest.lock\" > /dev/null\nif [ $? != 0 ] ; then\n    # print error to STDERR\n    echo \"error: The sandbox is not in sync with the Podfile.lock. Run 'pod install' or update your CocoaPods installation.\" >&2\n    exit 1\nfi\n# This output is used by Xcode 'outputs' to avoid re-running this script phase.\necho \"SUCCESS\" > \"${SCRIPT_OUTPUT_FILE_0}\"\n";
			showEnvVarsInLog = 0;
		};
		879A2A02DB2F999BF28AAC36 /* [CP] Check Pods Manifest.lock */ = {
			isa = PBXShellScriptBuildPhase;
			buildActionMask = 2147483647;
			files = (
			);
			inputFileListPaths = (
			);
			inputPaths = (
				"${PODS_PODFILE_DIR_PATH}/Podfile.lock",
				"${PODS_ROOT}/Manifest.lock",
			);
			name = "[CP] Check Pods Manifest.lock";
			outputFileListPaths = (
			);
			outputPaths = (
				"$(DERIVED_FILE_DIR)/Pods-MVVM_RxSwiftTests-checkManifestLockResult.txt",
			);
			runOnlyForDeploymentPostprocessing = 0;
			shellPath = /bin/sh;
			shellScript = "diff \"${PODS_PODFILE_DIR_PATH}/Podfile.lock\" \"${PODS_ROOT}/Manifest.lock\" > /dev/null\nif [ $? != 0 ] ; then\n    # print error to STDERR\n    echo \"error: The sandbox is not in sync with the Podfile.lock. Run 'pod install' or update your CocoaPods installation.\" >&2\n    exit 1\nfi\n# This output is used by Xcode 'outputs' to avoid re-running this script phase.\necho \"SUCCESS\" > \"${SCRIPT_OUTPUT_FILE_0}\"\n";
			showEnvVarsInLog = 0;
		};
		A1951F25C0A5FEE2E4A2B127 /* [CP] Check Pods Manifest.lock */ = {
			isa = PBXShellScriptBuildPhase;
			buildActionMask = 2147483647;
			files = (
			);
			inputFileListPaths = (
			);
			inputPaths = (
				"${PODS_PODFILE_DIR_PATH}/Podfile.lock",
				"${PODS_ROOT}/Manifest.lock",
			);
			name = "[CP] Check Pods Manifest.lock";
			outputFileListPaths = (
			);
			outputPaths = (
				"$(DERIVED_FILE_DIR)/Pods-MVVM_RxSwift-checkManifestLockResult.txt",
			);
			runOnlyForDeploymentPostprocessing = 0;
			shellPath = /bin/sh;
			shellScript = "diff \"${PODS_PODFILE_DIR_PATH}/Podfile.lock\" \"${PODS_ROOT}/Manifest.lock\" > /dev/null\nif [ $? != 0 ] ; then\n    # print error to STDERR\n    echo \"error: The sandbox is not in sync with the Podfile.lock. Run 'pod install' or update your CocoaPods installation.\" >&2\n    exit 1\nfi\n# This output is used by Xcode 'outputs' to avoid re-running this script phase.\necho \"SUCCESS\" > \"${SCRIPT_OUTPUT_FILE_0}\"\n";
			showEnvVarsInLog = 0;
		};
/* End PBXShellScriptBuildPhase section */

/* Begin PBXSourcesBuildPhase section */
		0F39B0E724953D5D00732848 /* Sources */ = {
			isa = PBXSourcesBuildPhase;
			buildActionMask = 2147483647;
			files = (
				0F39B11F24953E1500732848 /* AppCoordinator.swift in Sources */,
				0F39B0F324953D5D00732848 /* RootViewController.swift in Sources */,
				0F39B0EF24953D5D00732848 /* AppDelegate.swift in Sources */,
				0F39B0F124953D5D00732848 /* SceneDelegate.swift in Sources */,
			);
			runOnlyForDeploymentPostprocessing = 0;
		};
		0F39B0FD24953D5E00732848 /* Sources */ = {
			isa = PBXSourcesBuildPhase;
			buildActionMask = 2147483647;
			files = (
				0F39B10624953D5E00732848 /* MVVM_RxSwiftTests.swift in Sources */,
			);
			runOnlyForDeploymentPostprocessing = 0;
		};
		0F39B10824953D5E00732848 /* Sources */ = {
			isa = PBXSourcesBuildPhase;
			buildActionMask = 2147483647;
			files = (
				0F39B11124953D5E00732848 /* MVVM_RxSwiftUITests.swift in Sources */,
			);
			runOnlyForDeploymentPostprocessing = 0;
		};
/* End PBXSourcesBuildPhase section */

/* Begin PBXTargetDependency section */
		0F39B10324953D5E00732848 /* PBXTargetDependency */ = {
			isa = PBXTargetDependency;
			target = 0F39B0EA24953D5D00732848 /* MVVM_RxSwift */;
			targetProxy = 0F39B10224953D5E00732848 /* PBXContainerItemProxy */;
		};
		0F39B10E24953D5E00732848 /* PBXTargetDependency */ = {
			isa = PBXTargetDependency;
			target = 0F39B0EA24953D5D00732848 /* MVVM_RxSwift */;
			targetProxy = 0F39B10D24953D5E00732848 /* PBXContainerItemProxy */;
		};
/* End PBXTargetDependency section */

/* Begin PBXVariantGroup section */
		0F39B0F424953D5D00732848 /* Main.storyboard */ = {
			isa = PBXVariantGroup;
			children = (
				0F39B0F524953D5D00732848 /* Base */,
			);
			name = Main.storyboard;
			sourceTree = "<group>";
		};
		0F39B0F924953D5E00732848 /* LaunchScreen.storyboard */ = {
			isa = PBXVariantGroup;
			children = (
				0F39B0FA24953D5E00732848 /* Base */,
			);
			name = LaunchScreen.storyboard;
			sourceTree = "<group>";
		};
/* End PBXVariantGroup section */

/* Begin XCBuildConfiguration section */
		0F39B11324953D5E00732848 /* Debug */ = {
			isa = XCBuildConfiguration;
			buildSettings = {
				ALWAYS_SEARCH_USER_PATHS = NO;
				CLANG_ANALYZER_NONNULL = YES;
				CLANG_ANALYZER_NUMBER_OBJECT_CONVERSION = YES_AGGRESSIVE;
				CLANG_CXX_LANGUAGE_STANDARD = "gnu++14";
				CLANG_CXX_LIBRARY = "libc++";
				CLANG_ENABLE_MODULES = YES;
				CLANG_ENABLE_OBJC_ARC = YES;
				CLANG_ENABLE_OBJC_WEAK = YES;
				CLANG_WARN_BLOCK_CAPTURE_AUTORELEASING = YES;
				CLANG_WARN_BOOL_CONVERSION = YES;
				CLANG_WARN_COMMA = YES;
				CLANG_WARN_CONSTANT_CONVERSION = YES;
				CLANG_WARN_DEPRECATED_OBJC_IMPLEMENTATIONS = YES;
				CLANG_WARN_DIRECT_OBJC_ISA_USAGE = YES_ERROR;
				CLANG_WARN_DOCUMENTATION_COMMENTS = YES;
				CLANG_WARN_EMPTY_BODY = YES;
				CLANG_WARN_ENUM_CONVERSION = YES;
				CLANG_WARN_INFINITE_RECURSION = YES;
				CLANG_WARN_INT_CONVERSION = YES;
				CLANG_WARN_NON_LITERAL_NULL_CONVERSION = YES;
				CLANG_WARN_OBJC_IMPLICIT_RETAIN_SELF = YES;
				CLANG_WARN_OBJC_LITERAL_CONVERSION = YES;
				CLANG_WARN_OBJC_ROOT_CLASS = YES_ERROR;
				CLANG_WARN_RANGE_LOOP_ANALYSIS = YES;
				CLANG_WARN_STRICT_PROTOTYPES = YES;
				CLANG_WARN_SUSPICIOUS_MOVE = YES;
				CLANG_WARN_UNGUARDED_AVAILABILITY = YES_AGGRESSIVE;
				CLANG_WARN_UNREACHABLE_CODE = YES;
				CLANG_WARN__DUPLICATE_METHOD_MATCH = YES;
				COPY_PHASE_STRIP = NO;
				DEBUG_INFORMATION_FORMAT = dwarf;
				ENABLE_STRICT_OBJC_MSGSEND = YES;
				ENABLE_TESTABILITY = YES;
				GCC_C_LANGUAGE_STANDARD = gnu11;
				GCC_DYNAMIC_NO_PIC = NO;
				GCC_NO_COMMON_BLOCKS = YES;
				GCC_OPTIMIZATION_LEVEL = 0;
				GCC_PREPROCESSOR_DEFINITIONS = (
					"DEBUG=1",
					"$(inherited)",
				);
				GCC_WARN_64_TO_32_BIT_CONVERSION = YES;
				GCC_WARN_ABOUT_RETURN_TYPE = YES_ERROR;
				GCC_WARN_UNDECLARED_SELECTOR = YES;
				GCC_WARN_UNINITIALIZED_AUTOS = YES_AGGRESSIVE;
				GCC_WARN_UNUSED_FUNCTION = YES;
				GCC_WARN_UNUSED_VARIABLE = YES;
				IPHONEOS_DEPLOYMENT_TARGET = 13.5;
				MTL_ENABLE_DEBUG_INFO = INCLUDE_SOURCE;
				MTL_FAST_MATH = YES;
				ONLY_ACTIVE_ARCH = YES;
				SDKROOT = iphoneos;
				SWIFT_ACTIVE_COMPILATION_CONDITIONS = DEBUG;
				SWIFT_OPTIMIZATION_LEVEL = "-Onone";
			};
			name = Debug;
		};
		0F39B11424953D5E00732848 /* Release */ = {
			isa = XCBuildConfiguration;
			buildSettings = {
				ALWAYS_SEARCH_USER_PATHS = NO;
				CLANG_ANALYZER_NONNULL = YES;
				CLANG_ANALYZER_NUMBER_OBJECT_CONVERSION = YES_AGGRESSIVE;
				CLANG_CXX_LANGUAGE_STANDARD = "gnu++14";
				CLANG_CXX_LIBRARY = "libc++";
				CLANG_ENABLE_MODULES = YES;
				CLANG_ENABLE_OBJC_ARC = YES;
				CLANG_ENABLE_OBJC_WEAK = YES;
				CLANG_WARN_BLOCK_CAPTURE_AUTORELEASING = YES;
				CLANG_WARN_BOOL_CONVERSION = YES;
				CLANG_WARN_COMMA = YES;
				CLANG_WARN_CONSTANT_CONVERSION = YES;
				CLANG_WARN_DEPRECATED_OBJC_IMPLEMENTATIONS = YES;
				CLANG_WARN_DIRECT_OBJC_ISA_USAGE = YES_ERROR;
				CLANG_WARN_DOCUMENTATION_COMMENTS = YES;
				CLANG_WARN_EMPTY_BODY = YES;
				CLANG_WARN_ENUM_CONVERSION = YES;
				CLANG_WARN_INFINITE_RECURSION = YES;
				CLANG_WARN_INT_CONVERSION = YES;
				CLANG_WARN_NON_LITERAL_NULL_CONVERSION = YES;
				CLANG_WARN_OBJC_IMPLICIT_RETAIN_SELF = YES;
				CLANG_WARN_OBJC_LITERAL_CONVERSION = YES;
				CLANG_WARN_OBJC_ROOT_CLASS = YES_ERROR;
				CLANG_WARN_RANGE_LOOP_ANALYSIS = YES;
				CLANG_WARN_STRICT_PROTOTYPES = YES;
				CLANG_WARN_SUSPICIOUS_MOVE = YES;
				CLANG_WARN_UNGUARDED_AVAILABILITY = YES_AGGRESSIVE;
				CLANG_WARN_UNREACHABLE_CODE = YES;
				CLANG_WARN__DUPLICATE_METHOD_MATCH = YES;
				COPY_PHASE_STRIP = NO;
				DEBUG_INFORMATION_FORMAT = "dwarf-with-dsym";
				ENABLE_NS_ASSERTIONS = NO;
				ENABLE_STRICT_OBJC_MSGSEND = YES;
				GCC_C_LANGUAGE_STANDARD = gnu11;
				GCC_NO_COMMON_BLOCKS = YES;
				GCC_WARN_64_TO_32_BIT_CONVERSION = YES;
				GCC_WARN_ABOUT_RETURN_TYPE = YES_ERROR;
				GCC_WARN_UNDECLARED_SELECTOR = YES;
				GCC_WARN_UNINITIALIZED_AUTOS = YES_AGGRESSIVE;
				GCC_WARN_UNUSED_FUNCTION = YES;
				GCC_WARN_UNUSED_VARIABLE = YES;
				IPHONEOS_DEPLOYMENT_TARGET = 13.5;
				MTL_ENABLE_DEBUG_INFO = NO;
				MTL_FAST_MATH = YES;
				SDKROOT = iphoneos;
				SWIFT_COMPILATION_MODE = wholemodule;
				SWIFT_OPTIMIZATION_LEVEL = "-O";
				VALIDATE_PRODUCT = YES;
			};
			name = Release;
		};
		0F39B11624953D5E00732848 /* Debug */ = {
			isa = XCBuildConfiguration;
			baseConfigurationReference = AF511F1A40AD89D9FD1880A2 /* Pods-MVVM_RxSwift.debug.xcconfig */;
			buildSettings = {
				ASSETCATALOG_COMPILER_APPICON_NAME = AppIcon;
				CODE_SIGN_STYLE = Automatic;
				DEVELOPMENT_TEAM = 6T8SBFCWYN;
				INFOPLIST_FILE = MVVM_RxSwift/Info.plist;
				LD_RUNPATH_SEARCH_PATHS = (
					"$(inherited)",
					"@executable_path/Frameworks",
				);
				PRODUCT_BUNDLE_IDENTIFIER = "HH.MVVM-RxSwift";
				PRODUCT_NAME = "$(TARGET_NAME)";
				SWIFT_VERSION = 5.0;
				TARGETED_DEVICE_FAMILY = "1,2";
			};
			name = Debug;
		};
		0F39B11724953D5E00732848 /* Release */ = {
			isa = XCBuildConfiguration;
			baseConfigurationReference = 555C73E3BE8380C1899E83B7 /* Pods-MVVM_RxSwift.release.xcconfig */;
			buildSettings = {
				ASSETCATALOG_COMPILER_APPICON_NAME = AppIcon;
				CODE_SIGN_STYLE = Automatic;
				DEVELOPMENT_TEAM = 6T8SBFCWYN;
				INFOPLIST_FILE = MVVM_RxSwift/Info.plist;
				LD_RUNPATH_SEARCH_PATHS = (
					"$(inherited)",
					"@executable_path/Frameworks",
				);
				PRODUCT_BUNDLE_IDENTIFIER = "HH.MVVM-RxSwift";
				PRODUCT_NAME = "$(TARGET_NAME)";
				SWIFT_VERSION = 5.0;
				TARGETED_DEVICE_FAMILY = "1,2";
			};
			name = Release;
		};
		0F39B11924953D5E00732848 /* Debug */ = {
			isa = XCBuildConfiguration;
			baseConfigurationReference = B39F83784CE2D6452F679354 /* Pods-MVVM_RxSwiftTests.debug.xcconfig */;
			buildSettings = {
				ALWAYS_EMBED_SWIFT_STANDARD_LIBRARIES = YES;
				BUNDLE_LOADER = "$(TEST_HOST)";
				CODE_SIGN_STYLE = Automatic;
				DEVELOPMENT_TEAM = 6T8SBFCWYN;
				INFOPLIST_FILE = MVVM_RxSwiftTests/Info.plist;
				IPHONEOS_DEPLOYMENT_TARGET = 13.5;
				LD_RUNPATH_SEARCH_PATHS = (
					"$(inherited)",
					"@executable_path/Frameworks",
					"@loader_path/Frameworks",
				);
				PRODUCT_BUNDLE_IDENTIFIER = "HH.MVVM-RxSwiftTests";
				PRODUCT_NAME = "$(TARGET_NAME)";
				SWIFT_VERSION = 5.0;
				TARGETED_DEVICE_FAMILY = "1,2";
				TEST_HOST = "$(BUILT_PRODUCTS_DIR)/MVVM_RxSwift.app/MVVM_RxSwift";
			};
			name = Debug;
		};
		0F39B11A24953D5E00732848 /* Release */ = {
			isa = XCBuildConfiguration;
			baseConfigurationReference = 26C40EBD3071A81622E323D5 /* Pods-MVVM_RxSwiftTests.release.xcconfig */;
			buildSettings = {
				ALWAYS_EMBED_SWIFT_STANDARD_LIBRARIES = YES;
				BUNDLE_LOADER = "$(TEST_HOST)";
				CODE_SIGN_STYLE = Automatic;
				DEVELOPMENT_TEAM = 6T8SBFCWYN;
				INFOPLIST_FILE = MVVM_RxSwiftTests/Info.plist;
				IPHONEOS_DEPLOYMENT_TARGET = 13.5;
				LD_RUNPATH_SEARCH_PATHS = (
					"$(inherited)",
					"@executable_path/Frameworks",
					"@loader_path/Frameworks",
				);
				PRODUCT_BUNDLE_IDENTIFIER = "HH.MVVM-RxSwiftTests";
				PRODUCT_NAME = "$(TARGET_NAME)";
				SWIFT_VERSION = 5.0;
				TARGETED_DEVICE_FAMILY = "1,2";
				TEST_HOST = "$(BUILT_PRODUCTS_DIR)/MVVM_RxSwift.app/MVVM_RxSwift";
			};
			name = Release;
		};
		0F39B11C24953D5E00732848 /* Debug */ = {
			isa = XCBuildConfiguration;
			baseConfigurationReference = 6B1D2147B3BBA8F53652CBA4 /* Pods-MVVM_RxSwift-MVVM_RxSwiftUITests.debug.xcconfig */;
			buildSettings = {
				ALWAYS_EMBED_SWIFT_STANDARD_LIBRARIES = YES;
				CODE_SIGN_STYLE = Automatic;
				DEVELOPMENT_TEAM = 6T8SBFCWYN;
				INFOPLIST_FILE = MVVM_RxSwiftUITests/Info.plist;
				LD_RUNPATH_SEARCH_PATHS = (
					"$(inherited)",
					"@executable_path/Frameworks",
					"@loader_path/Frameworks",
				);
				PRODUCT_BUNDLE_IDENTIFIER = "HH.MVVM-RxSwiftUITests";
				PRODUCT_NAME = "$(TARGET_NAME)";
				SWIFT_VERSION = 5.0;
				TARGETED_DEVICE_FAMILY = "1,2";
				TEST_TARGET_NAME = MVVM_RxSwift;
			};
			name = Debug;
		};
		0F39B11D24953D5E00732848 /* Release */ = {
			isa = XCBuildConfiguration;
			baseConfigurationReference = 53D35B9B451F5E82BA663D76 /* Pods-MVVM_RxSwift-MVVM_RxSwiftUITests.release.xcconfig */;
			buildSettings = {
				ALWAYS_EMBED_SWIFT_STANDARD_LIBRARIES = YES;
				CODE_SIGN_STYLE = Automatic;
				DEVELOPMENT_TEAM = 6T8SBFCWYN;
				INFOPLIST_FILE = MVVM_RxSwiftUITests/Info.plist;
				LD_RUNPATH_SEARCH_PATHS = (
					"$(inherited)",
					"@executable_path/Frameworks",
					"@loader_path/Frameworks",
				);
				PRODUCT_BUNDLE_IDENTIFIER = "HH.MVVM-RxSwiftUITests";
				PRODUCT_NAME = "$(TARGET_NAME)";
				SWIFT_VERSION = 5.0;
				TARGETED_DEVICE_FAMILY = "1,2";
				TEST_TARGET_NAME = MVVM_RxSwift;
			};
			name = Release;
		};
/* End XCBuildConfiguration section */

/* Begin XCConfigurationList section */
		0F39B0E624953D5D00732848 /* Build configuration list for PBXProject "MVVM_RxSwift" */ = {
			isa = XCConfigurationList;
			buildConfigurations = (
				0F39B11324953D5E00732848 /* Debug */,
				0F39B11424953D5E00732848 /* Release */,
			);
			defaultConfigurationIsVisible = 0;
			defaultConfigurationName = Release;
		};
		0F39B11524953D5E00732848 /* Build configuration list for PBXNativeTarget "MVVM_RxSwift" */ = {
			isa = XCConfigurationList;
			buildConfigurations = (
				0F39B11624953D5E00732848 /* Debug */,
				0F39B11724953D5E00732848 /* Release */,
			);
			defaultConfigurationIsVisible = 0;
			defaultConfigurationName = Release;
		};
		0F39B11824953D5E00732848 /* Build configuration list for PBXNativeTarget "MVVM_RxSwiftTests" */ = {
			isa = XCConfigurationList;
			buildConfigurations = (
				0F39B11924953D5E00732848 /* Debug */,
				0F39B11A24953D5E00732848 /* Release */,
			);
			defaultConfigurationIsVisible = 0;
			defaultConfigurationName = Release;
		};
		0F39B11B24953D5E00732848 /* Build configuration list for PBXNativeTarget "MVVM_RxSwiftUITests" */ = {
			isa = XCConfigurationList;
			buildConfigurations = (
				0F39B11C24953D5E00732848 /* Debug */,
				0F39B11D24953D5E00732848 /* Release */,
			);
			defaultConfigurationIsVisible = 0;
			defaultConfigurationName = Release;
		};
/* End XCConfigurationList section */
	};
	rootObject = 0F39B0E324953D5D00732848 /* Project object */;
}
